
Microsoft Visual Studio Solution File, Format Version 12.00
# Visual Studio Version 16
VisualStudioVersion = 16.0.30413.136
MinimumVisualStudioVersion = 10.0.40219.1
Project("{FAE04EC0-301F-11D3-BF4B-00C04F79EFBC}") = "CMPG 215 Encryption project", "CMPG 215 Encryption project\CMPG 215 Encryption project.csproj", "{B700231B-54A1-4F97-BA2B-B7968539ADAD}"
EndProject
Global
	GlobalSection(SolutionConfigurationPlatforms) = preSolution
		Debug|Any CPU = Debug|Any CPU
		Release|Any CPU = Release|Any CPU
	EndGlobalSection
	GlobalSection(ProjectConfigurationPlatforms) = postSolution
		{B700231B-54A1-4F97-BA2B-B7968539ADAD}.Debug|Any CPU.ActiveCfg = Debug|Any CPU
		{B700231B-54A1-4F97-BA2B-B7968539ADAD}.Debug|Any CPU.Build.0 = Debug|Any CPU
		{B700231B-54A1-4F97-BA2B-B7968539ADAD}.Release|Any CPU.ActiveCfg = Release|Any CPU
		{B700231B-54A1-4F97-BA2B-B7968539ADAD}.Release|Any CPU.Build.0 = Release|Any CPU
	EndGlobalSection
	GlobalSection(SolutionProperties) = preSolution
		HideSolutionNode = FALSE
	EndGlobalSection
	GlobalSection(ExtensibilityGlobals) = postSolution
		SolutionGuid = {6358A009-2E2B-408F-8D87-0E77CD309C52}
	EndGlobalSection
EndGlobal
